
Microsoft Visual Studio Solution File, Format Version 12.00
# Visual Studio 15
VisualStudioVersion = 15.0.26430.16
MinimumVisualStudioVersion = 10.0.40219.1
Project("{FAE04EC0-301F-11D3-BF4B-00C04F79EFBC}") = "Levis", "Harkonnens\Levis.csproj", "{29C1BEE1-D8DC-4DCE-BC62-1D98C1A0A022}"
EndProject
Project("{FAE04EC0-301F-11D3-BF4B-00C04F79EFBC}") = "Parser", "Parser\Parser.csproj", "{F1668416-5387-44A5-8CAA-8A9E4AD7F636}"
EndProject
Project("{FAE04EC0-301F-11D3-BF4B-00C04F79EFBC}") = "FileHandler", "FileHandler\FileHandler.csproj", "{9EC850B7-6901-4400-B681-BA015C6AA4CE}"
EndProject
Global
	GlobalSection(SolutionConfigurationPlatforms) = preSolution
		Debug|Any CPU = Debug|Any CPU
		Release|Any CPU = Release|Any CPU
	EndGlobalSection
	GlobalSection(ProjectConfigurationPlatforms) = postSolution
		{29C1BEE1-D8DC-4DCE-BC62-1D98C1A0A022}.Debug|Any CPU.ActiveCfg = Debug|Any CPU
		{29C1BEE1-D8DC-4DCE-BC62-1D98C1A0A022}.Debug|Any CPU.Build.0 = Debug|Any CPU
		{29C1BEE1-D8DC-4DCE-BC62-1D98C1A0A022}.Release|Any CPU.ActiveCfg = Release|Any CPU
		{29C1BEE1-D8DC-4DCE-BC62-1D98C1A0A022}.Release|Any CPU.Build.0 = Release|Any CPU
		{F1668416-5387-44A5-8CAA-8A9E4AD7F636}.Debug|Any CPU.ActiveCfg = Debug|Any CPU
		{F1668416-5387-44A5-8CAA-8A9E4AD7F636}.Debug|Any CPU.Build.0 = Debug|Any CPU
		{F1668416-5387-44A5-8CAA-8A9E4AD7F636}.Release|Any CPU.ActiveCfg = Release|Any CPU
		{F1668416-5387-44A5-8CAA-8A9E4AD7F636}.Release|Any CPU.Build.0 = Release|Any CPU
		{9EC850B7-6901-4400-B681-BA015C6AA4CE}.Debug|Any CPU.ActiveCfg = Debug|Any CPU
		{9EC850B7-6901-4400-B681-BA015C6AA4CE}.Debug|Any CPU.Build.0 = Debug|Any CPU
		{9EC850B7-6901-4400-B681-BA015C6AA4CE}.Release|Any CPU.ActiveCfg = Release|Any CPU
		{9EC850B7-6901-4400-B681-BA015C6AA4CE}.Release|Any CPU.Build.0 = Release|Any CPU
	EndGlobalSection
	GlobalSection(SolutionProperties) = preSolution
		HideSolutionNode = FALSE
	EndGlobalSection
EndGlobal
